
Microsoft Visual Studio Solution File, Format Version 12.00
# Visual Studio Version 17
VisualStudioVersion = 17.0.31903.59
MinimumVisualStudioVersion = 10.0.40219.1
Project("{FAE04EC0-301F-11D3-BF4B-00C04F79EFBC}") = "IntroToStrings", "IntroToStrings.csproj", "{14EF346C-FB4B-4428-AD57-CE3E64E6EA36}"
EndProject
Global
	GlobalSection(SolutionConfigurationPlatforms) = preSolution
		Debug|Any CPU = Debug|Any CPU
		Release|Any CPU = Release|Any CPU
	EndGlobalSection
	GlobalSection(SolutionProperties) = preSolution
		HideSolutionNode = FALSE
	EndGlobalSection
	GlobalSection(ProjectConfigurationPlatforms) = postSolution
		{14EF346C-FB4B-4428-AD57-CE3E64E6EA36}.Debug|Any CPU.ActiveCfg = Debug|Any CPU
		{14EF346C-FB4B-4428-AD57-CE3E64E6EA36}.Debug|Any CPU.Build.0 = Debug|Any CPU
		{14EF346C-FB4B-4428-AD57-CE3E64E6EA36}.Release|Any CPU.ActiveCfg = Release|Any CPU
		{14EF346C-FB4B-4428-AD57-CE3E64E6EA36}.Release|Any CPU.Build.0 = Release|Any CPU
	EndGlobalSection
EndGlobal
