
Microsoft Visual Studio Solution File, Format Version 12.00
# Visual Studio Version 17
VisualStudioVersion = 17.0.31903.59
MinimumVisualStudioVersion = 10.0.40219.1
Project("{FAE04EC0-301F-11D3-BF4B-00C04F79EFBC}") = "FileIO", "FileIO.csproj", "{75033486-3ED8-4E7F-9042-47073D923564}"
EndProject
Project("{FAE04EC0-301F-11D3-BF4B-00C04F79EFBC}") = "Inheritance", "Inheritance\Inheritance.csproj", "{A88CE458-69E9-42C2-A267-E8CB0CEC8C8D}"
EndProject
Global
	GlobalSection(SolutionConfigurationPlatforms) = preSolution
		Debug|Any CPU = Debug|Any CPU
		Release|Any CPU = Release|Any CPU
	EndGlobalSection
	GlobalSection(SolutionProperties) = preSolution
		HideSolutionNode = FALSE
	EndGlobalSection
	GlobalSection(ProjectConfigurationPlatforms) = postSolution
		{75033486-3ED8-4E7F-9042-47073D923564}.Debug|Any CPU.ActiveCfg = Debug|Any CPU
		{75033486-3ED8-4E7F-9042-47073D923564}.Debug|Any CPU.Build.0 = Debug|Any CPU
		{75033486-3ED8-4E7F-9042-47073D923564}.Release|Any CPU.ActiveCfg = Release|Any CPU
		{75033486-3ED8-4E7F-9042-47073D923564}.Release|Any CPU.Build.0 = Release|Any CPU
		{A88CE458-69E9-42C2-A267-E8CB0CEC8C8D}.Debug|Any CPU.ActiveCfg = Debug|Any CPU
		{A88CE458-69E9-42C2-A267-E8CB0CEC8C8D}.Debug|Any CPU.Build.0 = Debug|Any CPU
		{A88CE458-69E9-42C2-A267-E8CB0CEC8C8D}.Release|Any CPU.ActiveCfg = Release|Any CPU
		{A88CE458-69E9-42C2-A267-E8CB0CEC8C8D}.Release|Any CPU.Build.0 = Release|Any CPU
	EndGlobalSection
EndGlobal
